# THE NOVA SPRINT TABLES ARE LOCKED.
# Glenn, 2026-10-01: "i never want new things unless i ask for them" / "i dislike this
# drift from the design of nova sprint tables that is *complete and locked*."
#
# One line per column: table.column projection fold hidden [label=...], in the order the
# table has them, then the order the sprint view shows the tables in. internal/ci
# (TestSprintTablesAreLocked) renders the same text from schema.go and is red on any
# difference. Change a table's shape only when Glenn asks for it, and then change this
# file in the same PR so a read sees it.
#
# Change, 2026-10-01, asked by Glenn in words: "can you please add a final column to the
# work stream table, which is "cost". This is the sum of each landed card's total cost
# for that work stream, and then a total at the bottom." work.cost is that column: a text
# cell (the stream's landed cost, "$" and four places, "-" when none was priced) and the
# footer the exact sum over the streams. Held by TestSprintTablesAreLocked.
#
# Change, 2026-10-02, asked by Glenn in words: "I like these sentinels. I think it would
# be a good idea for you to add a friends table, above fleet and below merge. friends |
# status for now. up/down/held :)" friends.status is that table's one column: a row per
# friend of nova-config's friend rows, its status up, down or held by the fleet's rule,
# drawn by where after merge and before fleet and never stored as a table. Held by
# TestSprintTablesAreLocked.
#
# Change, 2026-10-02, asked by Glenn in words, at a fleet footer of 132 over members of
# which 52 could take a card: "width 132?!". The fleet table's footer in the view's text
# (nova-sprint where) folds ready, working, width, done and ok% over the members whose
# status is up only; a held or down member's numbers show on its own row and not in the
# total. No column, fold or row changes here: the shape below is the same. Held by
# TestTheFleetFooterSumsOnlyTheMembersUp (cmd/nova-sprint).
#
# Change, 2026-10-02, asked by Glenn in words: "please give friends in the friends
# table the same ready, working, width, done, ok%, status that we have for machines,
# but no load, since they don't correspond to a machine (at the moment...)" and "you
# can even use the inbox/outbox standard in friend's working dirs". The friends table
# takes the fleet table's columns but load: ready and working count a friend's job
# cards (friend sync reads each friend's working directory, inbox/<job> and
# outbox/<job>/REPORT.md, and writes the cards into the store; the view never reads
# the directories), width is her width as text (1, one job at a time), ok and failed
# (hidden) count her jobs done, done and ok% are the same formulas as the fleet's with
# the footer pooling ok%, and status stays up, down or held by the fleet's rule. Held by
# TestSprintTablesAreLocked.
#
# Change, 2026-10-02 (2:45 PM ET), asked by Glenn in words: "I feel like reading and merging
# is something you can handle now. it seems to work, so please hide the reader and merge
# tables." The view line is the default frame of where and where --watch: work, friends,
# fleet. The view-all line is the frame of where --all: every table, readers and merge
# after work as before. No table changes shape; where --json carries every table and
# every row of it either way. Held by TestSprintTablesAreLocked.
# Note, 2026-10-02 (nova-tools#5096 item 16): the progress line above the tables shows
# held=N, the cards held back behind a sentinel not released or admitted held, and its
# ETA is over the rest. No table's shape changes and this lock does not cover that line;
# it is recorded here because it is output Glenn sees, which he asked for in words:
# "I'd like to really really load up the sprint in waiting, and stick sentinels in".
# Note, 2026-10-02 (9:57 PM ET, nova-tools#5183): the ETA on that line now counts every
# card left, the held ones included; held=N still shows them apart. Glenn, in words:
# "it's the ETA to all cards being done, not the cards that are in flight or not
# blocked". No table's shape changes; this lock does not cover that line.
#
# Note, 2026-10-02 (10:13 PM ET): where reads the table, not every card. held=N and the
# ETA's landings of the hour come from the where record the tick counts (docs/SPEC-SPRINT.md
# section 1), not from every waiting and landed card's record: where --json took 5.2 to
# 7.0 s at 2,843 cards, and the requirement is under 1 s at 3,000. The progress line reads
# as it did, every table and column is as it was; no shape below changes.
#
# Change, 2026-10-04, the line under where's title, not a table (nova-sprint card
# fix-where-stopped-while-running): the coordinator's measurement, sampled every 2 to
# 3 s at 2:23 PM on 2026-10-04: where said "machine: STOPPED" for about 7 s, then
# running, over and over, while the server was RUNNING the whole time. A RUNNING
# machine whose last tick is older than MachineSilence is running: where's header keeps
# the progress line with "running (tick late <n>s)" after it, and the machine line (the
# inbox's, where --json's, the dashboard's and every verb's sprint line) reads
# "machine: running (tick late <n>s)", n the whole seconds since the tick. STOPPED is a
# stop's alone. No column, fold or row changed, so the lines below are unchanged. Held
# by TestWhereShowsRunningWithATickLateNoteNotStopped (cmd/nova-sprint).
#
# Change, 2026-10-02, the where view's title line, not a table: Glenn, 5:15 PM: "We need
# to make handover MORE SMOOTH."; 5:20 PM: "you can be given coordinator status, or you
# can take it (with my permission only)". The seat's holder shows beside the title,
# "SPRINT TABLE  coordinator rowan", and after a take "(taken 5:21 PM)" until the next
# handover is given (Rowan's brief of that hour, nova-tools#5096 item 28). The progress
# line under it and every table are as they were; no column changed, so the lines below
# are unchanged. Held by TestTheSeatIsTakenWithTheOwnersName and the where goldens.
#
# Change, 2026-10-02, a cell's word, not a column: Glenn, 9:44 PM ET, on the friends
# table, of a friend: "[she] is down." / "two minutes is too long. 1m" / "maybe even 30 secs."; and
# 9:46 PM ET: "heartbeat should ping once every 10sec", then "or every 1sec if you really
# want, then after 15 sec. asleep. better." friends.status is up, held or down: down
# after 15 s with no beat (sprint.FriendDownAfter, sprint.FriendStatus), or never
# beaten. 9:48 PM ET: "[a friend] being down, she automatically is 0/8 working OK?": a
# down friend's working cell is 0.
#
# Change, 2026-10-03, a cell's word again, not a column: Glenn, 8:04 AM ET, looking at the
# friends table: "Please change 'asleep' to 'down' so we have consistency across all
# tables". The word of a friend with no beat for 15 s, or never, was asleep (the change
# above); it is down, the fleet table's word. The 15 s rule, the 1 s beat and working 0
# are as they were. No column changed, so the lines below are unchanged. Held by
# TestAFriendsStatusIsTheFriendsRuleOverItsBeatsAndItsHold and
# TestADownFriendShowsNoneWorking.
#
# Change, 2026-10-04, a cell's word, not a column: the hold verb (nova-sprint hold and
# unhold, one verb pair for fleet members, readers, friends and streams; asked by Glenn
# 1:50 PM ET, "there should be a hold verb in nova-sprint", and 1:51 PM ET, the same for
# friends, hold and unhold). The card's amendment, in Glenn's words as the card gives them:
# "trust but VERIFY"; "I want to trust the ok%"; "Mechanical. You know the drill."; "Are
# they actually doing the work that is shown in the friend table? Really?"; "i don't want
# dollar amounts for friends. token counts are fine." merge.state reads held while the
# coordinator holds the stream and it is not stopped (sprint.StreamStateText); fleet.status
# and friends.status read held as they did. The reason is on the control card and in the
# hold records, carried by where --json --cards as holds, never a column. No column, fold
# or row changes, so the lines below are unchanged. Held by
# TestHoldAndUnholdServeMembersReadersFriendsAndStreams and
# TestTheHoldVerbsHoldAndReleaseWithTheReason.
# Change, 2026-10-04, the where view's machine line, not a table: Glenn, ~1:52 PM ET:
# "look over all of today's work, what is manual? what needs new verbs in nova-sprint?
# add cards for this." Whether a stop was the coordinator's had to be asked. A stop by
# hand carries --reason and --until, and the machine line under where's title (the
# dashboard's machine line, the inbox's and every verb's sprint line) reads
# "STOPPED by <actor>: <reason>, back by 2:04 PM" until the tick starts the machine at
# --until. No column, fold or row changed, so the lines below are unchanged. Held by
# TestStopCarriesReasonAndUntilAndTheMachineRestartsItself (internal/sprint) and
# TestStopByHandSaysWhoWhyAndWhenEverywhere (cmd/nova-sprint).
#
#
# Note, 2026-10-04, the friends table's working cell made true, not a column (nova-sprint
# card verb-friend-reconcile; a friend said all 35 of her cards were done while the table
# showed 34 working). The card's amendment, in Glenn's words as the card gives them:
# "trust but VERIFY";
# "I want to trust the ok%";
# "Mechanical. You know the drill.";
# "Are they actually doing the work that is shown in the friend table? Really?";
# "i don't want dollar amounts for friends. token counts are fine."
# friend reconcile <friend> (docs/SPEC-SPRINT.md section 1) compares her inbox/QUEUE.json
# and outbox with the cards working on her row and collects, keeps or returns each, so
# friends.working counts what she is really doing; a returned card counts in neither
# friends.ok nor friends.failed, so friends.done and friends.okpct (ok%) are not moved by
# it. Friends carry no dollar or cost column, and none is added; token counts, when a
# friends column carries them, come with their own lock change. No column, fold or row
# changes, so the lines below are unchanged. Held by TestSprintTablesAreLocked,
# TestFriendReconcileCollectsOrReturnsEachCard and
# TestFriendReconcileSettlesEachCardOnTheTwin (cmd/nova-sprint).
# Change, 2026-10-04, asked for by the card friend-session-liveness.w1 (the friends table
# showed whether a friend's daemon answers, not whether her session moves: one friend idle
# from 2:40 to 4:34 PM read up with 8 working). friends.active is the new column: a text
# cell with no fold, how long ago her session last wrote a file under her working directory
# and outbox ("4m ago", "-" when her beat reported none), after status. Held by
# TestSprintTablesAreLocked; the rule is docs/SPEC-SPRINT.md, last session activity.
#
# Change, 2026-10-05, asked by the owner that morning: a reader row had no tiers,
# so the ask gave a flash reader pro reads and a heavy one. readers.tiers is the
# column: text, no fold, shown, after broken. An empty cell means every tier.
# Held by TestSprintTablesAreLocked; the rule is docs/SPEC-SPRINT.md section 6.
# Change, 2026-10-05, a cell's word, not a column (card presence-from-session-only): the
# owner, ~9:30 AM ET, "there is no value in things that are answered just by the daemon".
# friends.status is up only on her session's evidence, a wake ping her session answered
# within 10 minutes or a card of hers finished within 30 (sprint.FriendPongWindow,
# sprint.FriendFinishWindow, sprint.FriendStatus), else down; a beat is never evidence,
# and the 15 s beat rule above is gone. No column changed, so the lines below are unchanged.
# Change, 2026-10-07, asked by the owner's card friends-tokens-column: each friend
# card's RESULT.md carries `usage: in=<n> out=<n> cache=<n>`. The store sums it
# per friend, and the friends table gets a "tokens" column in a compact form
# (1.2M), after active. A friend whose nova-config row bills per call (the billing
# field the cost card is adding) shows dollars to the cent, rounded up; until that
# field is set, every friend is a subscription. Held by TestSprintTablesAreLocked
# and TestFriendTokensSumPerFriendFromTheResultUsage.
#
# Change, 2026-10-05, a hidden fleet column, asked by Glenn in words: "trust but VERIFY"; "I
# want to trust the ok%"; "Mechanical. You know the drill."; "Are they actually doing the
# work that is shown in the friend table? Really?"; "i don't want dollar amounts for friends.
# token counts are fine." fleet.defect (hidden, after failed) holds a member's or a friend's
# work cards that ended on a brief defect (docs/SPEC-SPRINT.md section 1, a brief defect): a
# HOLD naming the brief, which no worker could do, counted in neither done nor ok%, so ok% on
# the fleet and friends tables counts only work the worker could do. No shown column changes.
# The live store takes it before the build that writes it is installed: nova-table col add
# fleet defect --after failed, then nova-table set fleet --hide defect. Held by
# TestSprintTablesAreLocked and
# TestAHoldNamingABriefDefectCountsAgainstTheStreamNotTheWorker.
# Change, 2026-10-06, two hidden fleet columns, asked by Glenn in words: "I want the ok% to
# be the actual amount of good work produced. if it is artificially low for some reason,
# then that is a BUG". fleet.refused and fleet.provider (hidden, after withdrawn) hold a
# member's or a friend's work cards whose launch the member refused before a lane began
# (refused) and whose take the provider failed (provider): each counted in neither done nor
# ok%, in its own column so the reason is not hidden and a recount re-derives it. The friends
# table carries the same two hidden columns. The live store takes them before the build that
# writes them is installed: nova-table col add fleet refused --after withdrawn, nova-table col
# add fleet provider --after refused, nova-table set fleet --hide refused --hide provider (and
# nova-table col add friends refused --after failed, nova-table col add friends provider
# --after refused, nova-table set friends --hide refused --hide provider). Held by
# TestSprintTablesAreLocked.
# Note, 2026-10-04, the friend row's work restriction, not a display column: her
# nova-config row's `streams` and `kinds` (docs/SPEC-CONFIG.md, friend) are carried into
# her friends record by friend sync and applied by the dealer, which hands her no card
# outside them; nothing the where view draws changes, so no column, fold or row below is
# added and the friends table's shape stands. Held by
# TestDealerNeverDealsAFriendOutsideHerStreams and
# TestAddAndBriefRefuseNamedFriendOutsideRestrictions.
work.waiting count sum shown
work.ready count sum shown
work.working count sum shown
work.review count sum shown
work.merging count sum shown
work.landed count sum shown
work.cost text sum shown
readers.asked count sum shown
readers.reading count sum shown
readers.ok count sum shown
readers.broken count sum shown
readers.tiers text none shown
merge.queued count sum shown
merge.merged count sum shown
merge.stuck count sum shown
merge.ci text none shown
merge.state text none shown
merge.since text none hidden
merge.returned count sum hidden
merge.ctl first none hidden
fleet.ready count sum shown
fleet.working count sum shown
fleet.width text sum shown
fleet.done sum(ok+failed) sum shown
fleet.okpct pct(ok/ok+failed) pooled shown label=ok%
fleet.status text none shown
fleet.load text none shown
fleet.withdrawn count sum hidden
fleet.refused count sum hidden
fleet.provider count sum hidden
fleet.ok count sum hidden
fleet.failed count sum hidden
fleet.defect count sum hidden
fleet.ctl first none hidden
friends.ready count sum shown
friends.working count sum shown
friends.width text sum shown
friends.done sum(ok+failed) sum shown
friends.okpct pct(ok/ok+failed) pooled shown label=ok%
friends.status text none shown
friends.active text none shown
friends.tokens text sum shown
friends.ok count sum hidden
friends.failed count sum hidden
friends.refused count sum hidden
friends.provider count sum hidden
view work friends fleet
view-all work readers merge friends fleet
