# THE NOVA SPRINT TABLES ARE LOCKED.
# Glenn, 2026-10-01: "i never want new things unless i ask for them" / "i dislike this
# drift from the design of nova sprint tables that is *complete and locked*."
#
# One line per column: table.column projection fold hidden [label=...], in the order the
# table has them, then the order the sprint view shows the tables in. internal/ci
# (TestSprintTablesAreLocked) renders the same text from schema.go and is red on any
# difference. Change a table's shape only when Glenn asks for it, and then change this
# file in the same PR so a read sees it.
work.waiting count sum shown
work.ready count sum shown
work.working count sum shown
work.review count sum shown
work.merging count sum shown
work.landed count sum shown
readers.asked count sum shown
readers.reading count sum shown
readers.ok count sum shown
readers.broken count sum shown
merge.queued count sum shown
merge.merged count sum shown
merge.stuck count sum shown
merge.ci text none shown
merge.state text none shown
merge.since text none hidden
merge.returned count sum hidden
merge.ctl first none hidden
fleet.ready count sum shown
fleet.working count sum shown
fleet.width text sum shown
fleet.done sum(ok+failed) sum shown
fleet.okpct pct(ok/ok+failed) pooled shown label=ok%
fleet.status text none shown
fleet.load text none shown
fleet.withdrawn count sum hidden
fleet.ok count sum hidden
fleet.failed count sum hidden
fleet.ctl first none hidden
view work readers merge fleet
